
Microsoft Visual Studio Solution File, Format Version 12.00
# Visual Studio Version 17
VisualStudioVersion = 17.1.32414.318
MinimumVisualStudioVersion = 10.0.40219.1
Project("{FAE04EC0-301F-11D3-BF4B-00C04F79EFBC}") = "Vidly", "Vidly\Vidly.csproj", "{7E3964B3-D2A5-45EE-9AC5-D4E4607134D5}"
EndProject
Global
	GlobalSection(SolutionConfigurationPlatforms) = preSolution
		Debug|Any CPU = Debug|Any CPU
		Release|Any CPU = Release|Any CPU
	EndGlobalSection
	GlobalSection(ProjectConfigurationPlatforms) = postSolution
		{7E3964B3-D2A5-45EE-9AC5-D4E4607134D5}.Debug|Any CPU.ActiveCfg = Debug|Any CPU
		{7E3964B3-D2A5-45EE-9AC5-D4E4607134D5}.Debug|Any CPU.Build.0 = Debug|Any CPU
		{7E3964B3-D2A5-45EE-9AC5-D4E4607134D5}.Release|Any CPU.ActiveCfg = Release|Any CPU
		{7E3964B3-D2A5-45EE-9AC5-D4E4607134D5}.Release|Any CPU.Build.0 = Release|Any CPU
	EndGlobalSection
	GlobalSection(SolutionProperties) = preSolution
		HideSolutionNode = FALSE
	EndGlobalSection
	GlobalSection(ExtensibilityGlobals) = postSolution
		SolutionGuid = {0350943E-583E-4A81-BE26-1165098FFA65}
	EndGlobalSection
EndGlobal
